
Microsoft Visual Studio Solution File, Format Version 12.00
# Visual Studio Version 17
VisualStudioVersion = 17.2.32630.192
MinimumVisualStudioVersion = 10.0.40219.1
Project("{FAE04EC0-301F-11D3-BF4B-00C04F79EFBC}") = "WebServiceCurrency", "WebServiceCurrency.csproj", "{D659F323-B372-4A60-9542-ECC61317AD7F}"
EndProject
Global
	GlobalSection(SolutionConfigurationPlatforms) = preSolution
		Debug|Any CPU = Debug|Any CPU
		Release|Any CPU = Release|Any CPU
	EndGlobalSection
	GlobalSection(ProjectConfigurationPlatforms) = postSolution
		{D659F323-B372-4A60-9542-ECC61317AD7F}.Debug|Any CPU.ActiveCfg = Debug|Any CPU
		{D659F323-B372-4A60-9542-ECC61317AD7F}.Debug|Any CPU.Build.0 = Debug|Any CPU
		{D659F323-B372-4A60-9542-ECC61317AD7F}.Release|Any CPU.ActiveCfg = Release|Any CPU
		{D659F323-B372-4A60-9542-ECC61317AD7F}.Release|Any CPU.Build.0 = Release|Any CPU
	EndGlobalSection
	GlobalSection(SolutionProperties) = preSolution
		HideSolutionNode = FALSE
	EndGlobalSection
	GlobalSection(ExtensibilityGlobals) = postSolution
		SolutionGuid = {D1F69068-C642-47A2-86D4-8C8F334129A0}
	EndGlobalSection
EndGlobal
